// !$*UTF8*$!
{
	archiveVersion = 1;
	classes = {
	};
	objectVersion = 56;
	objects = {

/* Begin PBXBuildFile section */
		5B9302C22C8D84FF00217BB1 /* SearchBarView.swift in Sources */ = {isa = PBXBuildFile; fileRef = 5B9302C12C8D84FF00217BB1 /* SearchBarView.swift */; };
		5B9302C42C8DCAED00217BB1 /* StatisticModel.swift in Sources */ = {isa = PBXBuildFile; fileRef = 5B9302C32C8DCAED00217BB1 /* StatisticModel.swift */; };
		5B9302C62C8DCBBC00217BB1 /* StatisticView.swift in Sources */ = {isa = PBXBuildFile; fileRef = 5B9302C52C8DCBBC00217BB1 /* StatisticView.swift */; };
		5B9302C82C8DD29A00217BB1 /* HomeStatsView.swift in Sources */ = {isa = PBXBuildFile; fileRef = 5B9302C72C8DD29A00217BB1 /* HomeStatsView.swift */; };
		5B9302CC2C8DF6BD00217BB1 /* MarketDataModel.swift in Sources */ = {isa = PBXBuildFile; fileRef = 5B9302CB2C8DF6BD00217BB1 /* MarketDataModel.swift */; };
		5B9302CE2C8DFF9E00217BB1 /* MarketDataService.swift in Sources */ = {isa = PBXBuildFile; fileRef = 5B9302CD2C8DFF9E00217BB1 /* MarketDataService.swift */; };
		5B9302D02C8E335E00217BB1 /* PortfolioView.swift in Sources */ = {isa = PBXBuildFile; fileRef = 5B9302CF2C8E335E00217BB1 /* PortfolioView.swift */; };
		5B9302D22C8E344A00217BB1 /* XMarkButton.swift in Sources */ = {isa = PBXBuildFile; fileRef = 5B9302D12C8E344A00217BB1 /* XMarkButton.swift */; };
		5B9302D42C8E383A00217BB1 /* CoinLogoView.swift in Sources */ = {isa = PBXBuildFile; fileRef = 5B9302D32C8E383A00217BB1 /* CoinLogoView.swift */; };
		5B9302D62C8E495A00217BB1 /* UIApplication.swift in Sources */ = {isa = PBXBuildFile; fileRef = 5B9302D52C8E495A00217BB1 /* UIApplication.swift */; };
		5B9302D92C8F1A5200217BB1 /* PortfolioContainer.xcdatamodeld in Sources */ = {isa = PBXBuildFile; fileRef = 5B9302D72C8F1A5200217BB1 /* PortfolioContainer.xcdatamodeld */; };
		5B9302DB2C8F1A8100217BB1 /* PortfolioDataService.swift in Sources */ = {isa = PBXBuildFile; fileRef = 5B9302DA2C8F1A8100217BB1 /* PortfolioDataService.swift */; };
		5BFC69082C8C30D800D61163 /* CryptoTrackerApp.swift in Sources */ = {isa = PBXBuildFile; fileRef = 5BFC69072C8C30D800D61163 /* CryptoTrackerApp.swift */; };
		5BFC690A2C8C30D800D61163 /* ContentView.swift in Sources */ = {isa = PBXBuildFile; fileRef = 5BFC69092C8C30D800D61163 /* ContentView.swift */; };
		5BFC690C2C8C30D900D61163 /* Assets.xcassets in Resources */ = {isa = PBXBuildFile; fileRef = 5BFC690B2C8C30D900D61163 /* Assets.xcassets */; };
		5BFC690F2C8C30D900D61163 /* Preview Assets.xcassets in Resources */ = {isa = PBXBuildFile; fileRef = 5BFC690E2C8C30D900D61163 /* Preview Assets.xcassets */; };
		5BFC69192C8C365B00D61163 /* Color.swift in Sources */ = {isa = PBXBuildFile; fileRef = 5BFC69182C8C365B00D61163 /* Color.swift */; };
		5BFC692C2C8C3A9100D61163 /* CircleButtonView.swift in Sources */ = {isa = PBXBuildFile; fileRef = 5BFC692B2C8C3A9100D61163 /* CircleButtonView.swift */; };
		5BFC692E2C8C3A9A00D61163 /* HomeView.swift in Sources */ = {isa = PBXBuildFile; fileRef = 5BFC692D2C8C3A9A00D61163 /* HomeView.swift */; };
		5BFC69302C8C416F00D61163 /* CircleButtonAnimationView.swift in Sources */ = {isa = PBXBuildFile; fileRef = 5BFC692F2C8C416F00D61163 /* CircleButtonAnimationView.swift */; };
		5BFC69352C8C6B2E00D61163 /* CoinModel.swift in Sources */ = {isa = PBXBuildFile; fileRef = 5BFC69342C8C6B2E00D61163 /* CoinModel.swift */; };
		5BFC69372C8C725900D61163 /* CoinRowView.swift in Sources */ = {isa = PBXBuildFile; fileRef = 5BFC69362C8C725900D61163 /* CoinRowView.swift */; };
		5BFC69392C8C726600D61163 /* PreviewProvider.swift in Sources */ = {isa = PBXBuildFile; fileRef = 5BFC69382C8C726600D61163 /* PreviewProvider.swift */; };
		5BFC693B2C8C77BB00D61163 /* Double.swift in Sources */ = {isa = PBXBuildFile; fileRef = 5BFC693A2C8C77BB00D61163 /* Double.swift */; };
		5BFC693D2C8C9C3600D61163 /* HomeViewModel.swift in Sources */ = {isa = PBXBuildFile; fileRef = 5BFC693C2C8C9C3600D61163 /* HomeViewModel.swift */; };
		5BFC69402C8CBE1F00D61163 /* CoinDataService.swift in Sources */ = {isa = PBXBuildFile; fileRef = 5BFC693F2C8CBE1F00D61163 /* CoinDataService.swift */; };
		5BFC69432C8CE4A400D61163 /* NetworkManager.swift in Sources */ = {isa = PBXBuildFile; fileRef = 5BFC69422C8CE4A400D61163 /* NetworkManager.swift */; };
		5BFC69482C8CF73D00D61163 /* CoinImageView.swift in Sources */ = {isa = PBXBuildFile; fileRef = 5BFC69472C8CF73D00D61163 /* CoinImageView.swift */; };
		5BFC694A2C8CF75300D61163 /* CoinImageService.swift in Sources */ = {isa = PBXBuildFile; fileRef = 5BFC69492C8CF75300D61163 /* CoinImageService.swift */; };
		5BFC694C2C8CFB8300D61163 /* CoinImageViewModel.swift in Sources */ = {isa = PBXBuildFile; fileRef = 5BFC694B2C8CFB8300D61163 /* CoinImageViewModel.swift */; };
		5BFC694E2C8D119500D61163 /* LocalFileManager.swift in Sources */ = {isa = PBXBuildFile; fileRef = 5BFC694D2C8D119500D61163 /* LocalFileManager.swift */; };
/* End PBXBuildFile section */

/* Begin PBXFileReference section */
		5B9302C12C8D84FF00217BB1 /* SearchBarView.swift */ = {isa = PBXFileReference; lastKnownFileType = sourcecode.swift; path = SearchBarView.swift; sourceTree = "<group>"; };
		5B9302C32C8DCAED00217BB1 /* StatisticModel.swift */ = {isa = PBXFileReference; lastKnownFileType = sourcecode.swift; path = StatisticModel.swift; sourceTree = "<group>"; };
		5B9302C52C8DCBBC00217BB1 /* StatisticView.swift */ = {isa = PBXFileReference; lastKnownFileType = sourcecode.swift; path = StatisticView.swift; sourceTree = "<group>"; };
		5B9302C72C8DD29A00217BB1 /* HomeStatsView.swift */ = {isa = PBXFileReference; lastKnownFileType = sourcecode.swift; path = HomeStatsView.swift; sourceTree = "<group>"; };
		5B9302CB2C8DF6BD00217BB1 /* MarketDataModel.swift */ = {isa = PBXFileReference; lastKnownFileType = sourcecode.swift; path = MarketDataModel.swift; sourceTree = "<group>"; };
		5B9302CD2C8DFF9E00217BB1 /* MarketDataService.swift */ = {isa = PBXFileReference; lastKnownFileType = sourcecode.swift; path = MarketDataService.swift; sourceTree = "<group>"; };
		5B9302CF2C8E335E00217BB1 /* PortfolioView.swift */ = {isa = PBXFileReference; lastKnownFileType = sourcecode.swift; path = PortfolioView.swift; sourceTree = "<group>"; };
		5B9302D12C8E344A00217BB1 /* XMarkButton.swift */ = {isa = PBXFileReference; lastKnownFileType = sourcecode.swift; path = XMarkButton.swift; sourceTree = "<group>"; };
		5B9302D32C8E383A00217BB1 /* CoinLogoView.swift */ = {isa = PBXFileReference; lastKnownFileType = sourcecode.swift; path = CoinLogoView.swift; sourceTree = "<group>"; };
		5B9302D52C8E495A00217BB1 /* UIApplication.swift */ = {isa = PBXFileReference; lastKnownFileType = sourcecode.swift; path = UIApplication.swift; sourceTree = "<group>"; };
		5B9302D82C8F1A5200217BB1 /* PortfolioContainer.xcdatamodel */ = {isa = PBXFileReference; lastKnownFileType = wrapper.xcdatamodel; path = PortfolioContainer.xcdatamodel; sourceTree = "<group>"; };
		5B9302DA2C8F1A8100217BB1 /* PortfolioDataService.swift */ = {isa = PBXFileReference; lastKnownFileType = sourcecode.swift; path = PortfolioDataService.swift; sourceTree = "<group>"; };
		5BFC69042C8C30D800D61163 /* CryptoTracker.app */ = {isa = PBXFileReference; explicitFileType = wrapper.application; includeInIndex = 0; path = CryptoTracker.app; sourceTree = BUILT_PRODUCTS_DIR; };
		5BFC69072C8C30D800D61163 /* CryptoTrackerApp.swift */ = {isa = PBXFileReference; lastKnownFileType = sourcecode.swift; path = CryptoTrackerApp.swift; sourceTree = "<group>"; };
		5BFC69092C8C30D800D61163 /* ContentView.swift */ = {isa = PBXFileReference; lastKnownFileType = sourcecode.swift; path = ContentView.swift; sourceTree = "<group>"; };
		5BFC690B2C8C30D900D61163 /* Assets.xcassets */ = {isa = PBXFileReference; lastKnownFileType = folder.assetcatalog; path = Assets.xcassets; sourceTree = "<group>"; };
		5BFC690E2C8C30D900D61163 /* Preview Assets.xcassets */ = {isa = PBXFileReference; lastKnownFileType = folder.assetcatalog; path = "Preview Assets.xcassets"; sourceTree = "<group>"; };
		5BFC69182C8C365B00D61163 /* Color.swift */ = {isa = PBXFileReference; lastKnownFileType = sourcecode.swift; path = Color.swift; sourceTree = "<group>"; };
		5BFC692B2C8C3A9100D61163 /* CircleButtonView.swift */ = {isa = PBXFileReference; lastKnownFileType = sourcecode.swift; name = CircleButtonView.swift; path = ../../../../../../../../Documents/CircleButtonView.swift; sourceTree = "<group>"; };
		5BFC692D2C8C3A9A00D61163 /* HomeView.swift */ = {isa = PBXFileReference; lastKnownFileType = sourcecode.swift; name = HomeView.swift; path = ../../../../../../../../Documents/HomeView.swift; sourceTree = "<group>"; };
		5BFC692F2C8C416F00D61163 /* CircleButtonAnimationView.swift */ = {isa = PBXFileReference; lastKnownFileType = sourcecode.swift; name = CircleButtonAnimationView.swift; path = ../../../../../../../../Documents/CircleButtonAnimationView.swift; sourceTree = "<group>"; };
		5BFC69342C8C6B2E00D61163 /* CoinModel.swift */ = {isa = PBXFileReference; lastKnownFileType = sourcecode.swift; path = CoinModel.swift; sourceTree = "<group>"; };
		5BFC69362C8C725900D61163 /* CoinRowView.swift */ = {isa = PBXFileReference; lastKnownFileType = sourcecode.swift; name = CoinRowView.swift; path = CryptoTracker/Models/CoinRowView.swift; sourceTree = SOURCE_ROOT; };
		5BFC69382C8C726600D61163 /* PreviewProvider.swift */ = {isa = PBXFileReference; lastKnownFileType = sourcecode.swift; path = PreviewProvider.swift; sourceTree = "<group>"; };
		5BFC693A2C8C77BB00D61163 /* Double.swift */ = {isa = PBXFileReference; lastKnownFileType = sourcecode.swift; path = Double.swift; sourceTree = "<group>"; };
		5BFC693C2C8C9C3600D61163 /* HomeViewModel.swift */ = {isa = PBXFileReference; lastKnownFileType = sourcecode.swift; name = HomeViewModel.swift; path = CryptoTracker/Extensions/HomeViewModel.swift; sourceTree = SOURCE_ROOT; };
		5BFC693F2C8CBE1F00D61163 /* CoinDataService.swift */ = {isa = PBXFileReference; lastKnownFileType = sourcecode.swift; path = CoinDataService.swift; sourceTree = "<group>"; };
		5BFC69422C8CE4A400D61163 /* NetworkManager.swift */ = {isa = PBXFileReference; lastKnownFileType = sourcecode.swift; path = NetworkManager.swift; sourceTree = "<group>"; };
		5BFC69472C8CF73D00D61163 /* CoinImageView.swift */ = {isa = PBXFileReference; lastKnownFileType = sourcecode.swift; name = CoinImageView.swift; path = CryptoTracker/Utilities/CoinImageView.swift; sourceTree = SOURCE_ROOT; };
		5BFC69492C8CF75300D61163 /* CoinImageService.swift */ = {isa = PBXFileReference; lastKnownFileType = sourcecode.swift; path = CoinImageService.swift; sourceTree = "<group>"; };
		5BFC694B2C8CFB8300D61163 /* CoinImageViewModel.swift */ = {isa = PBXFileReference; lastKnownFileType = sourcecode.swift; name = CoinImageViewModel.swift; path = CryptoTracker/Services/CoinImageViewModel.swift; sourceTree = SOURCE_ROOT; };
		5BFC694D2C8D119500D61163 /* LocalFileManager.swift */ = {isa = PBXFileReference; lastKnownFileType = sourcecode.swift; path = LocalFileManager.swift; sourceTree = "<group>"; };
/* End PBXFileReference section */

/* Begin PBXFrameworksBuildPhase section */
		5BFC69012C8C30D800D61163 /* Frameworks */ = {
			isa = PBXFrameworksBuildPhase;
			buildActionMask = 2147483647;
			files = (
			);
			runOnlyForDeploymentPostprocessing = 0;
		};
/* End PBXFrameworksBuildPhase section */

/* Begin PBXGroup section */
		5B9302C02C8D84E400217BB1 /* SearchBarView */ = {
			isa = PBXGroup;
			children = (
				5B9302C12C8D84FF00217BB1 /* SearchBarView.swift */,
			);
			path = SearchBarView;
			sourceTree = "<group>";
		};
		5BFC68FB2C8C30D800D61163 = {
			isa = PBXGroup;
			children = (
				5BFC69062C8C30D800D61163 /* CryptoTracker */,
				5BFC69052C8C30D800D61163 /* Products */,
			);
			sourceTree = "<group>";
		};
		5BFC69052C8C30D800D61163 /* Products */ = {
			isa = PBXGroup;
			children = (
				5BFC69042C8C30D800D61163 /* CryptoTracker.app */,
			);
			name = Products;
			sourceTree = "<group>";
		};
		5BFC69062C8C30D800D61163 /* CryptoTracker */ = {
			isa = PBXGroup;
			children = (
				5BFC69072C8C30D800D61163 /* CryptoTrackerApp.swift */,
				5BFC69412C8CE46800D61163 /* Utilities */,
				5BFC693E2C8CBE0E00D61163 /* Services */,
				5BFC69332C8C6B2500D61163 /* Models */,
				5BFC69172C8C364F00D61163 /* Extensions */,
				5BFC69242C8C3A6900D61163 /* Core */,
				5BFC69092C8C30D800D61163 /* ContentView.swift */,
				5BFC690B2C8C30D900D61163 /* Assets.xcassets */,
				5BFC690D2C8C30D900D61163 /* Preview Content */,
			);
			path = CryptoTracker;
			sourceTree = "<group>";
		};
		5BFC690D2C8C30D900D61163 /* Preview Content */ = {
			isa = PBXGroup;
			children = (
				5BFC690E2C8C30D900D61163 /* Preview Assets.xcassets */,
			);
			path = "Preview Content";
			sourceTree = "<group>";
		};
		5BFC69172C8C364F00D61163 /* Extensions */ = {
			isa = PBXGroup;
			children = (
				5BFC69182C8C365B00D61163 /* Color.swift */,
				5BFC69382C8C726600D61163 /* PreviewProvider.swift */,
				5BFC693A2C8C77BB00D61163 /* Double.swift */,
				5B9302D52C8E495A00217BB1 /* UIApplication.swift */,
			);
			path = Extensions;
			sourceTree = "<group>";
		};
		5BFC69242C8C3A6900D61163 /* Core */ = {
			isa = PBXGroup;
			children = (
				5BFC69282C8C3A7900D61163 /* Components */,
				5BFC69252C8C3A6C00D61163 /* Home */,
			);
			path = Core;
			sourceTree = "<group>";
		};
		5BFC69252C8C3A6C00D61163 /* Home */ = {
			isa = PBXGroup;
			children = (
				5BFC69272C8C3A7300D61163 /* ViewModels */,
				5BFC69262C8C3A7000D61163 /* Views */,
			);
			path = Home;
			sourceTree = "<group>";
		};
		5BFC69262C8C3A7000D61163 /* Views */ = {
			isa = PBXGroup;
			children = (
				5BFC692D2C8C3A9A00D61163 /* HomeView.swift */,
				5BFC69362C8C725900D61163 /* CoinRowView.swift */,
				5B9302C72C8DD29A00217BB1 /* HomeStatsView.swift */,
				5B9302CF2C8E335E00217BB1 /* PortfolioView.swift */,
			);
			path = Views;
			sourceTree = "<group>";
		};
		5BFC69272C8C3A7300D61163 /* ViewModels */ = {
			isa = PBXGroup;
			children = (
				5BFC693C2C8C9C3600D61163 /* HomeViewModel.swift */,
			);
			path = ViewModels;
			sourceTree = "<group>";
		};
		5BFC69282C8C3A7900D61163 /* Components */ = {
			isa = PBXGroup;
			children = (
				5B9302C02C8D84E400217BB1 /* SearchBarView */,
				5BFC69442C8CF70E00D61163 /* CoinImage */,
				5BFC692A2C8C3A8400D61163 /* CircleButton */,
				5B9302C52C8DCBBC00217BB1 /* StatisticView.swift */,
				5B9302D12C8E344A00217BB1 /* XMarkButton.swift */,
			);
			path = Components;
			sourceTree = "<group>";
		};
		5BFC692A2C8C3A8400D61163 /* CircleButton */ = {
			isa = PBXGroup;
			children = (
				5BFC692B2C8C3A9100D61163 /* CircleButtonView.swift */,
				5BFC692F2C8C416F00D61163 /* CircleButtonAnimationView.swift */,
			);
			path = CircleButton;
			sourceTree = "<group>";
		};
		5BFC69332C8C6B2500D61163 /* Models */ = {
			isa = PBXGroup;
			children = (
				5BFC69342C8C6B2E00D61163 /* CoinModel.swift */,
				5B9302C32C8DCAED00217BB1 /* StatisticModel.swift */,
				5B9302CB2C8DF6BD00217BB1 /* MarketDataModel.swift */,
				5B9302D72C8F1A5200217BB1 /* PortfolioContainer.xcdatamodeld */,
			);
			path = Models;
			sourceTree = "<group>";
		};
		5BFC693E2C8CBE0E00D61163 /* Services */ = {
			isa = PBXGroup;
			children = (
				5BFC693F2C8CBE1F00D61163 /* CoinDataService.swift */,
				5B9302CD2C8DFF9E00217BB1 /* MarketDataService.swift */,
				5BFC69492C8CF75300D61163 /* CoinImageService.swift */,
				5B9302DA2C8F1A8100217BB1 /* PortfolioDataService.swift */,
			);
			path = Services;
			sourceTree = "<group>";
		};
		5BFC69412C8CE46800D61163 /* Utilities */ = {
			isa = PBXGroup;
			children = (
				5BFC69422C8CE4A400D61163 /* NetworkManager.swift */,
				5BFC694D2C8D119500D61163 /* LocalFileManager.swift */,
			);
			path = Utilities;
			sourceTree = "<group>";
		};
		5BFC69442C8CF70E00D61163 /* CoinImage */ = {
			isa = PBXGroup;
			children = (
				5BFC69472C8CF73D00D61163 /* CoinImageView.swift */,
				5BFC694B2C8CFB8300D61163 /* CoinImageViewModel.swift */,
				5B9302D32C8E383A00217BB1 /* CoinLogoView.swift */,
			);
			path = CoinImage;
			sourceTree = "<group>";
		};
/* End PBXGroup section */

/* Begin PBXNativeTarget section */
		5BFC69032C8C30D800D61163 /* CryptoTracker */ = {
			isa = PBXNativeTarget;
			buildConfigurationList = 5BFC69122C8C30D900D61163 /* Build configuration list for PBXNativeTarget "CryptoTracker" */;
			buildPhases = (
				5BFC69002C8C30D800D61163 /* Sources */,
				5BFC69012C8C30D800D61163 /* Frameworks */,
				5BFC69022C8C30D800D61163 /* Resources */,
			);
			buildRules = (
			);
			dependencies = (
			);
			name = CryptoTracker;
			productName = CryptoTracker;
			productReference = 5BFC69042C8C30D800D61163 /* CryptoTracker.app */;
			productType = "com.apple.product-type.application";
		};
/* End PBXNativeTarget section */

/* Begin PBXProject section */
		5BFC68FC2C8C30D800D61163 /* Project object */ = {
			isa = PBXProject;
			attributes = {
				BuildIndependentTargetsInParallel = 1;
				LastSwiftUpdateCheck = 1540;
				LastUpgradeCheck = 1540;
				TargetAttributes = {
					5BFC69032C8C30D800D61163 = {
						CreatedOnToolsVersion = 15.4;
					};
				};
			};
			buildConfigurationList = 5BFC68FF2C8C30D800D61163 /* Build configuration list for PBXProject "CryptoTracker" */;
			compatibilityVersion = "Xcode 14.0";
			developmentRegion = en;
			hasScannedForEncodings = 0;
			knownRegions = (
				en,
				Base,
			);
			mainGroup = 5BFC68FB2C8C30D800D61163;
			productRefGroup = 5BFC69052C8C30D800D61163 /* Products */;
			projectDirPath = "";
			projectRoot = "";
			targets = (
				5BFC69032C8C30D800D61163 /* CryptoTracker */,
			);
		};
/* End PBXProject section */

/* Begin PBXResourcesBuildPhase section */
		5BFC69022C8C30D800D61163 /* Resources */ = {
			isa = PBXResourcesBuildPhase;
			buildActionMask = 2147483647;
			files = (
				5BFC690F2C8C30D900D61163 /* Preview Assets.xcassets in Resources */,
				5BFC690C2C8C30D900D61163 /* Assets.xcassets in Resources */,
			);
			runOnlyForDeploymentPostprocessing = 0;
		};
/* End PBXResourcesBuildPhase section */

/* Begin PBXSourcesBuildPhase section */
		5BFC69002C8C30D800D61163 /* Sources */ = {
			isa = PBXSourcesBuildPhase;
			buildActionMask = 2147483647;
			files = (
				5B9302D92C8F1A5200217BB1 /* PortfolioContainer.xcdatamodeld in Sources */,
				5B9302D62C8E495A00217BB1 /* UIApplication.swift in Sources */,
				5B9302C42C8DCAED00217BB1 /* StatisticModel.swift in Sources */,
				5B9302CE2C8DFF9E00217BB1 /* MarketDataService.swift in Sources */,
				5B9302D42C8E383A00217BB1 /* CoinLogoView.swift in Sources */,
				5B9302C62C8DCBBC00217BB1 /* StatisticView.swift in Sources */,
				5BFC69402C8CBE1F00D61163 /* CoinDataService.swift in Sources */,
				5BFC69372C8C725900D61163 /* CoinRowView.swift in Sources */,
				5BFC693D2C8C9C3600D61163 /* HomeViewModel.swift in Sources */,
				5BFC69432C8CE4A400D61163 /* NetworkManager.swift in Sources */,
				5B9302D02C8E335E00217BB1 /* PortfolioView.swift in Sources */,
				5BFC694E2C8D119500D61163 /* LocalFileManager.swift in Sources */,
				5BFC690A2C8C30D800D61163 /* ContentView.swift in Sources */,
				5BFC69482C8CF73D00D61163 /* CoinImageView.swift in Sources */,
				5BFC69082C8C30D800D61163 /* CryptoTrackerApp.swift in Sources */,
				5BFC692C2C8C3A9100D61163 /* CircleButtonView.swift in Sources */,
				5B9302C82C8DD29A00217BB1 /* HomeStatsView.swift in Sources */,
				5BFC692E2C8C3A9A00D61163 /* HomeView.swift in Sources */,
				5B9302CC2C8DF6BD00217BB1 /* MarketDataModel.swift in Sources */,
				5B9302C22C8D84FF00217BB1 /* SearchBarView.swift in Sources */,
				5BFC69192C8C365B00D61163 /* Color.swift in Sources */,
				5BFC69302C8C416F00D61163 /* CircleButtonAnimationView.swift in Sources */,
				5BFC694C2C8CFB8300D61163 /* CoinImageViewModel.swift in Sources */,
				5BFC69392C8C726600D61163 /* PreviewProvider.swift in Sources */,
				5B9302D22C8E344A00217BB1 /* XMarkButton.swift in Sources */,
				5BFC693B2C8C77BB00D61163 /* Double.swift in Sources */,
				5BFC694A2C8CF75300D61163 /* CoinImageService.swift in Sources */,
				5BFC69352C8C6B2E00D61163 /* CoinModel.swift in Sources */,
				5B9302DB2C8F1A8100217BB1 /* PortfolioDataService.swift in Sources */,
			);
			runOnlyForDeploymentPostprocessing = 0;
		};
/* End PBXSourcesBuildPhase section */

/* Begin XCBuildConfiguration section */
		5BFC69102C8C30D900D61163 /* Debug */ = {
			isa = XCBuildConfiguration;
			buildSettings = {
				ALWAYS_SEARCH_USER_PATHS = NO;
				ASSETCATALOG_COMPILER_GENERATE_SWIFT_ASSET_SYMBOL_EXTENSIONS = YES;
				CLANG_ANALYZER_NONNULL = YES;
				CLANG_ANALYZER_NUMBER_OBJECT_CONVERSION = YES_AGGRESSIVE;
				CLANG_CXX_LANGUAGE_STANDARD = "gnu++20";
				CLANG_ENABLE_MODULES = YES;
				CLANG_ENABLE_OBJC_ARC = YES;
				CLANG_ENABLE_OBJC_WEAK = YES;
				CLANG_WARN_BLOCK_CAPTURE_AUTORELEASING = YES;
				CLANG_WARN_BOOL_CONVERSION = YES;
				CLANG_WARN_COMMA = YES;
				CLANG_WARN_CONSTANT_CONVERSION = YES;
				CLANG_WARN_DEPRECATED_OBJC_IMPLEMENTATIONS = YES;
				CLANG_WARN_DIRECT_OBJC_ISA_USAGE = YES_ERROR;
				CLANG_WARN_DOCUMENTATION_COMMENTS = YES;
				CLANG_WARN_EMPTY_BODY = YES;
				CLANG_WARN_ENUM_CONVERSION = YES;
				CLANG_WARN_INFINITE_RECURSION = YES;
				CLANG_WARN_INT_CONVERSION = YES;
				CLANG_WARN_NON_LITERAL_NULL_CONVERSION = YES;
				CLANG_WARN_OBJC_IMPLICIT_RETAIN_SELF = YES;
				CLANG_WARN_OBJC_LITERAL_CONVERSION = YES;
				CLANG_WARN_OBJC_ROOT_CLASS = YES_ERROR;
				CLANG_WARN_QUOTED_INCLUDE_IN_FRAMEWORK_HEADER = YES;
				CLANG_WARN_RANGE_LOOP_ANALYSIS = YES;
				CLANG_WARN_STRICT_PROTOTYPES = YES;
				CLANG_WARN_SUSPICIOUS_MOVE = YES;
				CLANG_WARN_UNGUARDED_AVAILABILITY = YES_AGGRESSIVE;
				CLANG_WARN_UNREACHABLE_CODE = YES;
				CLANG_WARN__DUPLICATE_METHOD_MATCH = YES;
				COPY_PHASE_STRIP = NO;
				DEBUG_INFORMATION_FORMAT = dwarf;
				ENABLE_STRICT_OBJC_MSGSEND = YES;
				ENABLE_TESTABILITY = YES;
				ENABLE_USER_SCRIPT_SANDBOXING = YES;
				GCC_C_LANGUAGE_STANDARD = gnu17;
				GCC_DYNAMIC_NO_PIC = NO;
				GCC_NO_COMMON_BLOCKS = YES;
				GCC_OPTIMIZATION_LEVEL = 0;
				GCC_PREPROCESSOR_DEFINITIONS = (
					"DEBUG=1",
					"$(inherited)",
				);
				GCC_WARN_64_TO_32_BIT_CONVERSION = YES;
				GCC_WARN_ABOUT_RETURN_TYPE = YES_ERROR;
				GCC_WARN_UNDECLARED_SELECTOR = YES;
				GCC_WARN_UNINITIALIZED_AUTOS = YES_AGGRESSIVE;
				GCC_WARN_UNUSED_FUNCTION = YES;
				GCC_WARN_UNUSED_VARIABLE = YES;
				IPHONEOS_DEPLOYMENT_TARGET = 17.5;
				LOCALIZATION_PREFERS_STRING_CATALOGS = YES;
				MTL_ENABLE_DEBUG_INFO = INCLUDE_SOURCE;
				MTL_FAST_MATH = YES;
				ONLY_ACTIVE_ARCH = YES;
				SDKROOT = iphoneos;
				SWIFT_ACTIVE_COMPILATION_CONDITIONS = "DEBUG $(inherited)";
				SWIFT_OPTIMIZATION_LEVEL = "-Onone";
			};
			name = Debug;
		};
		5BFC69112C8C30D900D61163 /* Release */ = {
			isa = XCBuildConfiguration;
			buildSettings = {
				ALWAYS_SEARCH_USER_PATHS = NO;
				ASSETCATALOG_COMPILER_GENERATE_SWIFT_ASSET_SYMBOL_EXTENSIONS = YES;
				CLANG_ANALYZER_NONNULL = YES;
				CLANG_ANALYZER_NUMBER_OBJECT_CONVERSION = YES_AGGRESSIVE;
				CLANG_CXX_LANGUAGE_STANDARD = "gnu++20";
				CLANG_ENABLE_MODULES = YES;
				CLANG_ENABLE_OBJC_ARC = YES;
				CLANG_ENABLE_OBJC_WEAK = YES;
				CLANG_WARN_BLOCK_CAPTURE_AUTORELEASING = YES;
				CLANG_WARN_BOOL_CONVERSION = YES;
				CLANG_WARN_COMMA = YES;
				CLANG_WARN_CONSTANT_CONVERSION = YES;
				CLANG_WARN_DEPRECATED_OBJC_IMPLEMENTATIONS = YES;
				CLANG_WARN_DIRECT_OBJC_ISA_USAGE = YES_ERROR;
				CLANG_WARN_DOCUMENTATION_COMMENTS = YES;
				CLANG_WARN_EMPTY_BODY = YES;
				CLANG_WARN_ENUM_CONVERSION = YES;
				CLANG_WARN_INFINITE_RECURSION = YES;
				CLANG_WARN_INT_CONVERSION = YES;
				CLANG_WARN_NON_LITERAL_NULL_CONVERSION = YES;
				CLANG_WARN_OBJC_IMPLICIT_RETAIN_SELF = YES;
				CLANG_WARN_OBJC_LITERAL_CONVERSION = YES;
				CLANG_WARN_OBJC_ROOT_CLASS = YES_ERROR;
				CLANG_WARN_QUOTED_INCLUDE_IN_FRAMEWORK_HEADER = YES;
				CLANG_WARN_RANGE_LOOP_ANALYSIS = YES;
				CLANG_WARN_STRICT_PROTOTYPES = YES;
				CLANG_WARN_SUSPICIOUS_MOVE = YES;
				CLANG_WARN_UNGUARDED_AVAILABILITY = YES_AGGRESSIVE;
				CLANG_WARN_UNREACHABLE_CODE = YES;
				CLANG_WARN__DUPLICATE_METHOD_MATCH = YES;
				COPY_PHASE_STRIP = NO;
				DEBUG_INFORMATION_FORMAT = "dwarf-with-dsym";
				ENABLE_NS_ASSERTIONS = NO;
				ENABLE_STRICT_OBJC_MSGSEND = YES;
				ENABLE_USER_SCRIPT_SANDBOXING = YES;
				GCC_C_LANGUAGE_STANDARD = gnu17;
				GCC_NO_COMMON_BLOCKS = YES;
				GCC_WARN_64_TO_32_BIT_CONVERSION = YES;
				GCC_WARN_ABOUT_RETURN_TYPE = YES_ERROR;
				GCC_WARN_UNDECLARED_SELECTOR = YES;
				GCC_WARN_UNINITIALIZED_AUTOS = YES_AGGRESSIVE;
				GCC_WARN_UNUSED_FUNCTION = YES;
				GCC_WARN_UNUSED_VARIABLE = YES;
				IPHONEOS_DEPLOYMENT_TARGET = 17.5;
				LOCALIZATION_PREFERS_STRING_CATALOGS = YES;
				MTL_ENABLE_DEBUG_INFO = NO;
				MTL_FAST_MATH = YES;
				SDKROOT = iphoneos;
				SWIFT_COMPILATION_MODE = wholemodule;
				VALIDATE_PRODUCT = YES;
			};
			name = Release;
		};
		5BFC69132C8C30D900D61163 /* Debug */ = {
			isa = XCBuildConfiguration;
			buildSettings = {
				ASSETCATALOG_COMPILER_APPICON_NAME = AppIcon;
				ASSETCATALOG_COMPILER_GLOBAL_ACCENT_COLOR_NAME = AccentColor;
				CODE_SIGN_STYLE = Automatic;
				CURRENT_PROJECT_VERSION = 1;
				DEVELOPMENT_ASSET_PATHS = "\"CryptoTracker/Preview Content\"";
				DEVELOPMENT_TEAM = M3L363G2GC;
				ENABLE_PREVIEWS = YES;
				GENERATE_INFOPLIST_FILE = YES;
				INFOPLIST_KEY_CFBundleDisplayName = "Crypto Tracker";
				INFOPLIST_KEY_UIApplicationSceneManifest_Generation = YES;
				INFOPLIST_KEY_UIApplicationSupportsIndirectInputEvents = YES;
				INFOPLIST_KEY_UILaunchScreen_Generation = YES;
				INFOPLIST_KEY_UISupportedInterfaceOrientations = UIInterfaceOrientationPortrait;
				INFOPLIST_KEY_UISupportedInterfaceOrientations_iPad = "UIInterfaceOrientationLandscapeLeft UIInterfaceOrientationLandscapeRight UIInterfaceOrientationPortrait UIInterfaceOrientationPortraitUpsideDown";
				LD_RUNPATH_SEARCH_PATHS = (
					"$(inherited)",
					"@executable_path/Frameworks",
				);
				MARKETING_VERSION = 1.0;
				PRODUCT_BUNDLE_IDENTIFIER = com.nadeem.CryptoTracker;
				PRODUCT_NAME = "$(TARGET_NAME)";
				SWIFT_EMIT_LOC_STRINGS = YES;
				SWIFT_VERSION = 5.0;
				TARGETED_DEVICE_FAMILY = "1,2";
			};
			name = Debug;
		};
		5BFC69142C8C30D900D61163 /* Release */ = {
			isa = XCBuildConfiguration;
			buildSettings = {
				ASSETCATALOG_COMPILER_APPICON_NAME = AppIcon;
				ASSETCATALOG_COMPILER_GLOBAL_ACCENT_COLOR_NAME = AccentColor;
				CODE_SIGN_STYLE = Automatic;
				CURRENT_PROJECT_VERSION = 1;
				DEVELOPMENT_ASSET_PATHS = "\"CryptoTracker/Preview Content\"";
				DEVELOPMENT_TEAM = M3L363G2GC;
				ENABLE_PREVIEWS = YES;
				GENERATE_INFOPLIST_FILE = YES;
				INFOPLIST_KEY_CFBundleDisplayName = "Crypto Tracker";
				INFOPLIST_KEY_UIApplicationSceneManifest_Generation = YES;
				INFOPLIST_KEY_UIApplicationSupportsIndirectInputEvents = YES;
				INFOPLIST_KEY_UILaunchScreen_Generation = YES;
				INFOPLIST_KEY_UISupportedInterfaceOrientations = UIInterfaceOrientationPortrait;
				INFOPLIST_KEY_UISupportedInterfaceOrientations_iPad = "UIInterfaceOrientationLandscapeLeft UIInterfaceOrientationLandscapeRight UIInterfaceOrientationPortrait UIInterfaceOrientationPortraitUpsideDown";
				LD_RUNPATH_SEARCH_PATHS = (
					"$(inherited)",
					"@executable_path/Frameworks",
				);
				MARKETING_VERSION = 1.0;
				PRODUCT_BUNDLE_IDENTIFIER = com.nadeem.CryptoTracker;
				PRODUCT_NAME = "$(TARGET_NAME)";
				SWIFT_EMIT_LOC_STRINGS = YES;
				SWIFT_VERSION = 5.0;
				TARGETED_DEVICE_FAMILY = "1,2";
			};
			name = Release;
		};
/* End XCBuildConfiguration section */

/* Begin XCConfigurationList section */
		5BFC68FF2C8C30D800D61163 /* Build configuration list for PBXProject "CryptoTracker" */ = {
			isa = XCConfigurationList;
			buildConfigurations = (
				5BFC69102C8C30D900D61163 /* Debug */,
				5BFC69112C8C30D900D61163 /* Release */,
			);
			defaultConfigurationIsVisible = 0;
			defaultConfigurationName = Release;
		};
		5BFC69122C8C30D900D61163 /* Build configuration list for PBXNativeTarget "CryptoTracker" */ = {
			isa = XCConfigurationList;
			buildConfigurations = (
				5BFC69132C8C30D900D61163 /* Debug */,
				5BFC69142C8C30D900D61163 /* Release */,
			);
			defaultConfigurationIsVisible = 0;
			defaultConfigurationName = Release;
		};
/* End XCConfigurationList section */

/* Begin XCVersionGroup section */
		5B9302D72C8F1A5200217BB1 /* PortfolioContainer.xcdatamodeld */ = {
			isa = XCVersionGroup;
			children = (
				5B9302D82C8F1A5200217BB1 /* PortfolioContainer.xcdatamodel */,
			);
			currentVersion = 5B9302D82C8F1A5200217BB1 /* PortfolioContainer.xcdatamodel */;
			name = PortfolioContainer.xcdatamodeld;
			path = /Users/nadeem/Desktop/dev/ios/CryptoTracker/CryptoTracker/Models/PortfolioContainer.xcdatamodeld;
			sourceTree = "<group>";
			versionGroupType = wrapper.xcdatamodel;
		};
/* End XCVersionGroup section */
	};
	rootObject = 5BFC68FC2C8C30D800D61163 /* Project object */;
}
